// !$*UTF8*$!
{
	archiveVersion = 1;
	classes = {
	};
	objectVersion = 77;
	objects = {

/* Begin PBXBuildFile section */
		3FA19E322E5F940700A1AEFD /* ImageViewer in Frameworks */ = {isa = PBXBuildFile; productRef = 3FA19E312E5F940700A1AEFD /* ImageViewer */; };
/* End PBXBuildFile section */

/* Begin PBXContainerItemProxy section */
		3FA19C962E5CF1BB00A1AEFD /* PBXContainerItemProxy */ = {
			isa = PBXContainerItemProxy;
			containerPortal = 3FA19C7B2E5CF1B900A1AEFD /* Project object */;
			proxyType = 1;
			remoteGlobalIDString = 3FA19C822E5CF1B900A1AEFD;
			remoteInfo = Caeliscript;
		};
		3FA19CA02E5CF1BB00A1AEFD /* PBXContainerItemProxy */ = {
			isa = PBXContainerItemProxy;
			containerPortal = 3FA19C7B2E5CF1B900A1AEFD /* Project object */;
			proxyType = 1;
			remoteGlobalIDString = 3FA19C822E5CF1B900A1AEFD;
			remoteInfo = Caeliscript;
		};
/* End PBXContainerItemProxy section */

/* Begin PBXFileReference section */
		3FA19C832E5CF1B900A1AEFD /* Caeliscript.app */ = {isa = PBXFileReference; explicitFileType = wrapper.application; includeInIndex = 0; path = Caeliscript.app; sourceTree = BUILT_PRODUCTS_DIR; };
		3FA19C952E5CF1BB00A1AEFD /* CaeliscriptTests.xctest */ = {isa = PBXFileReference; explicitFileType = wrapper.cfbundle; includeInIndex = 0; path = CaeliscriptTests.xctest; sourceTree = BUILT_PRODUCTS_DIR; };
		3FA19C9F2E5CF1BB00A1AEFD /* CaeliscriptUITests.xctest */ = {isa = PBXFileReference; explicitFileType = wrapper.cfbundle; includeInIndex = 0; path = CaeliscriptUITests.xctest; sourceTree = BUILT_PRODUCTS_DIR; };
/* End PBXFileReference section */

/* Begin PBXFileSystemSynchronizedRootGroup section */
		3FA19C852E5CF1B900A1AEFD /* Caeliscript */ = {
			isa = PBXFileSystemSynchronizedRootGroup;
			path = Caeliscript;
			sourceTree = "<group>";
		};
		3FA19C982E5CF1BB00A1AEFD /* CaeliscriptTests */ = {
			isa = PBXFileSystemSynchronizedRootGroup;
			path = CaeliscriptTests;
			sourceTree = "<group>";
		};
		3FA19CA22E5CF1BB00A1AEFD /* CaeliscriptUITests */ = {
			isa = PBXFileSystemSynchronizedRootGroup;
			path = CaeliscriptUITests;
			sourceTree = "<group>";
		};
/* End PBXFileSystemSynchronizedRootGroup section */

/* Begin PBXFrameworksBuildPhase section */
		3FA19C802E5CF1B900A1AEFD /* Frameworks */ = {
			isa = PBXFrameworksBuildPhase;
			buildActionMask = 2147483647;
			files = (
				3FA19E322E5F940700A1AEFD /* ImageViewer in Frameworks */,
			);
			runOnlyForDeploymentPostprocessing = 0;
		};
		3FA19C922E5CF1BB00A1AEFD /* Frameworks */ = {
			isa = PBXFrameworksBuildPhase;
			buildActionMask = 2147483647;
			files = (
			);
			runOnlyForDeploymentPostprocessing = 0;
		};
		3FA19C9C2E5CF1BB00A1AEFD /* Frameworks */ = {
			isa = PBXFrameworksBuildPhase;
			buildActionMask = 2147483647;
			files = (
			);
			runOnlyForDeploymentPostprocessing = 0;
		};
/* End PBXFrameworksBuildPhase section */

/* Begin PBXGroup section */
		3FA19C7A2E5CF1B900A1AEFD = {
			isa = PBXGroup;
			children = (
				3FA19C852E5CF1B900A1AEFD /* Caeliscript */,
				3FA19C982E5CF1BB00A1AEFD /* CaeliscriptTests */,
				3FA19CA22E5CF1BB00A1AEFD /* CaeliscriptUITests */,
				3FA19C842E5CF1B900A1AEFD /* Products */,
			);
			sourceTree = "<group>";
		};
		3FA19C842E5CF1B900A1AEFD /* Products */ = {
			isa = PBXGroup;
			children = (
				3FA19C832E5CF1B900A1AEFD /* Caeliscript.app */,
				3FA19C952E5CF1BB00A1AEFD /* CaeliscriptTests.xctest */,
				3FA19C9F2E5CF1BB00A1AEFD /* CaeliscriptUITests.xctest */,
			);
			name = Products;
			sourceTree = "<group>";
		};
/* End PBXGroup section */

/* Begin PBXNativeTarget section */
		3FA19C822E5CF1B900A1AEFD /* Caeliscript */ = {
			isa = PBXNativeTarget;
			buildConfigurationList = 3FA19CA92E5CF1BB00A1AEFD /* Build configuration list for PBXNativeTarget "Caeliscript" */;
			buildPhases = (
				3FA19C7F2E5CF1B900A1AEFD /* Sources */,
				3FA19C802E5CF1B900A1AEFD /* Frameworks */,
				3FA19C812E5CF1B900A1AEFD /* Resources */,
			);
			buildRules = (
			);
			dependencies = (
			);
			fileSystemSynchronizedGroups = (
				3FA19C852E5CF1B900A1AEFD /* Caeliscript */,
			);
			name = Caeliscript;
			packageProductDependencies = (
				3FA19E312E5F940700A1AEFD /* ImageViewer */,
			);
			productName = Caeliscript;
			productReference = 3FA19C832E5CF1B900A1AEFD /* Caeliscript.app */;
			productType = "com.apple.product-type.application";
		};
		3FA19C942E5CF1BB00A1AEFD /* CaeliscriptTests */ = {
			isa = PBXNativeTarget;
			buildConfigurationList = 3FA19CAC2E5CF1BB00A1AEFD /* Build configuration list for PBXNativeTarget "CaeliscriptTests" */;
			buildPhases = (
				3FA19C912E5CF1BB00A1AEFD /* Sources */,
				3FA19C922E5CF1BB00A1AEFD /* Frameworks */,
				3FA19C932E5CF1BB00A1AEFD /* Resources */,
			);
			buildRules = (
			);
			dependencies = (
				3FA19C972E5CF1BB00A1AEFD /* PBXTargetDependency */,
			);
			fileSystemSynchronizedGroups = (
				3FA19C982E5CF1BB00A1AEFD /* CaeliscriptTests */,
			);
			name = CaeliscriptTests;
			packageProductDependencies = (
			);
			productName = CaeliscriptTests;
			productReference = 3FA19C952E5CF1BB00A1AEFD /* CaeliscriptTests.xctest */;
			productType = "com.apple.product-type.bundle.unit-test";
		};
		3FA19C9E2E5CF1BB00A1AEFD /* CaeliscriptUITests */ = {
			isa = PBXNativeTarget;
			buildConfigurationList = 3FA19CAF2E5CF1BB00A1AEFD /* Build configuration list for PBXNativeTarget "CaeliscriptUITests" */;
			buildPhases = (
				3FA19C9B2E5CF1BB00A1AEFD /* Sources */,
				3FA19C9C2E5CF1BB00A1AEFD /* Frameworks */,
				3FA19C9D2E5CF1BB00A1AEFD /* Resources */,
			);
			buildRules = (
			);
			dependencies = (
				3FA19CA12E5CF1BB00A1AEFD /* PBXTargetDependency */,
			);
			fileSystemSynchronizedGroups = (
				3FA19CA22E5CF1BB00A1AEFD /* CaeliscriptUITests */,
			);
			name = CaeliscriptUITests;
			packageProductDependencies = (
			);
			productName = CaeliscriptUITests;
			productReference = 3FA19C9F2E5CF1BB00A1AEFD /* CaeliscriptUITests.xctest */;
			productType = "com.apple.product-type.bundle.ui-testing";
		};
/* End PBXNativeTarget section */

/* Begin PBXProject section */
		3FA19C7B2E5CF1B900A1AEFD /* Project object */ = {
			isa = PBXProject;
			attributes = {
				BuildIndependentTargetsInParallel = 1;
				LastSwiftUpdateCheck = 1630;
				LastUpgradeCheck = 1630;
				TargetAttributes = {
					3FA19C822E5CF1B900A1AEFD = {
						CreatedOnToolsVersion = 16.3;
					};
					3FA19C942E5CF1BB00A1AEFD = {
						CreatedOnToolsVersion = 16.3;
						TestTargetID = 3FA19C822E5CF1B900A1AEFD;
					};
					3FA19C9E2E5CF1BB00A1AEFD = {
						CreatedOnToolsVersion = 16.3;
						TestTargetID = 3FA19C822E5CF1B900A1AEFD;
					};
				};
			};
			buildConfigurationList = 3FA19C7E2E5CF1B900A1AEFD /* Build configuration list for PBXProject "Caeliscript" */;
			developmentRegion = en;
			hasScannedForEncodings = 0;
			knownRegions = (
				en,
				Base,
			);
			mainGroup = 3FA19C7A2E5CF1B900A1AEFD;
			minimizedProjectReferenceProxies = 1;
			packageReferences = (
				3FA19E302E5F940700A1AEFD /* XCRemoteSwiftPackageReference "swiftui-image-viewer" */,
			);
			preferredProjectObjectVersion = 77;
			productRefGroup = 3FA19C842E5CF1B900A1AEFD /* Products */;
			projectDirPath = "";
			projectRoot = "";
			targets = (
				3FA19C822E5CF1B900A1AEFD /* Caeliscript */,
				3FA19C942E5CF1BB00A1AEFD /* CaeliscriptTests */,
				3FA19C9E2E5CF1BB00A1AEFD /* CaeliscriptUITests */,
			);
		};
/* End PBXProject section */

/* Begin PBXResourcesBuildPhase section */
		3FA19C812E5CF1B900A1AEFD /* Resources */ = {
			isa = PBXResourcesBuildPhase;
			buildActionMask = 2147483647;
			files = (
			);
			runOnlyForDeploymentPostprocessing = 0;
		};
		3FA19C932E5CF1BB00A1AEFD /* Resources */ = {
			isa = PBXResourcesBuildPhase;
			buildActionMask = 2147483647;
			files = (
			);
			runOnlyForDeploymentPostprocessing = 0;
		};
		3FA19C9D2E5CF1BB00A1AEFD /* Resources */ = {
			isa = PBXResourcesBuildPhase;
			buildActionMask = 2147483647;
			files = (
			);
			runOnlyForDeploymentPostprocessing = 0;
		};
/* End PBXResourcesBuildPhase section */

/* Begin PBXSourcesBuildPhase section */
		3FA19C7F2E5CF1B900A1AEFD /* Sources */ = {
			isa = PBXSourcesBuildPhase;
			buildActionMask = 2147483647;
			files = (
			);
			runOnlyForDeploymentPostprocessing = 0;
		};
		3FA19C912E5CF1BB00A1AEFD /* Sources */ = {
			isa = PBXSourcesBuildPhase;
			buildActionMask = 2147483647;
			files = (
			);
			runOnlyForDeploymentPostprocessing = 0;
		};
		3FA19C9B2E5CF1BB00A1AEFD /* Sources */ = {
			isa = PBXSourcesBuildPhase;
			buildActionMask = 2147483647;
			files = (
			);
			runOnlyForDeploymentPostprocessing = 0;
		};
/* End PBXSourcesBuildPhase section */

/* Begin PBXTargetDependency section */
		3FA19C972E5CF1BB00A1AEFD /* PBXTargetDependency */ = {
			isa = PBXTargetDependency;
			target = 3FA19C822E5CF1B900A1AEFD /* Caeliscript */;
			targetProxy = 3FA19C962E5CF1BB00A1AEFD /* PBXContainerItemProxy */;
		};
		3FA19CA12E5CF1BB00A1AEFD /* PBXTargetDependency */ = {
			isa = PBXTargetDependency;
			target = 3FA19C822E5CF1B900A1AEFD /* Caeliscript */;
			targetProxy = 3FA19CA02E5CF1BB00A1AEFD /* PBXContainerItemProxy */;
		};
/* End PBXTargetDependency section */

/* Begin XCBuildConfiguration section */
		3FA19CA72E5CF1BB00A1AEFD /* Debug */ = {
			isa = XCBuildConfiguration;
			buildSettings = {
				ALWAYS_SEARCH_USER_PATHS = NO;
				ASSETCATALOG_COMPILER_GENERATE_SWIFT_ASSET_SYMBOL_EXTENSIONS = YES;
				CLANG_ANALYZER_NONNULL = YES;
				CLANG_ANALYZER_NUMBER_OBJECT_CONVERSION = YES_AGGRESSIVE;
				CLANG_CXX_LANGUAGE_STANDARD = "gnu++20";
				CLANG_ENABLE_MODULES = YES;
				CLANG_ENABLE_OBJC_ARC = YES;
				CLANG_ENABLE_OBJC_WEAK = YES;
				CLANG_WARN_BLOCK_CAPTURE_AUTORELEASING = YES;
				CLANG_WARN_BOOL_CONVERSION = YES;
				CLANG_WARN_COMMA = YES;
				CLANG_WARN_CONSTANT_CONVERSION = YES;
				CLANG_WARN_DEPRECATED_OBJC_IMPLEMENTATIONS = YES;
				CLANG_WARN_DIRECT_OBJC_ISA_USAGE = YES_ERROR;
				CLANG_WARN_DOCUMENTATION_COMMENTS = YES;
				CLANG_WARN_EMPTY_BODY = YES;
				CLANG_WARN_ENUM_CONVERSION = YES;
				CLANG_WARN_INFINITE_RECURSION = YES;
				CLANG_WARN_INT_CONVERSION = YES;
				CLANG_WARN_NON_LITERAL_NULL_CONVERSION = YES;
				CLANG_WARN_OBJC_IMPLICIT_RETAIN_SELF = YES;
				CLANG_WARN_OBJC_LITERAL_CONVERSION = YES;
				CLANG_WARN_OBJC_ROOT_CLASS = YES_ERROR;
				CLANG_WARN_QUOTED_INCLUDE_IN_FRAMEWORK_HEADER = YES;
				CLANG_WARN_RANGE_LOOP_ANALYSIS = YES;
				CLANG_WARN_STRICT_PROTOTYPES = YES;
				CLANG_WARN_SUSPICIOUS_MOVE = YES;
				CLANG_WARN_UNGUARDED_AVAILABILITY = YES_AGGRESSIVE;
				CLANG_WARN_UNREACHABLE_CODE = YES;
				CLANG_WARN__DUPLICATE_METHOD_MATCH = YES;
				COPY_PHASE_STRIP = NO;
				DEBUG_INFORMATION_FORMAT = dwarf;
				ENABLE_STRICT_OBJC_MSGSEND = YES;
				ENABLE_TESTABILITY = YES;
				ENABLE_USER_SCRIPT_SANDBOXING = YES;
				GCC_C_LANGUAGE_STANDARD = gnu17;
				GCC_DYNAMIC_NO_PIC = NO;
				GCC_NO_COMMON_BLOCKS = YES;
				GCC_OPTIMIZATION_LEVEL = 0;
				GCC_PREPROCESSOR_DEFINITIONS = (
					"DEBUG=1",
					"$(inherited)",
				);
				GCC_WARN_64_TO_32_BIT_CONVERSION = YES;
				GCC_WARN_ABOUT_RETURN_TYPE = YES_ERROR;
				GCC_WARN_UNDECLARED_SELECTOR = YES;
				GCC_WARN_UNINITIALIZED_AUTOS = YES_AGGRESSIVE;
				GCC_WARN_UNUSED_FUNCTION = YES;
				GCC_WARN_UNUSED_VARIABLE = YES;
				IPHONEOS_DEPLOYMENT_TARGET = 18.4;
				LOCALIZATION_PREFERS_STRING_CATALOGS = YES;
				MTL_ENABLE_DEBUG_INFO = INCLUDE_SOURCE;
				MTL_FAST_MATH = YES;
				ONLY_ACTIVE_ARCH = YES;
				SDKROOT = iphoneos;
				SWIFT_ACTIVE_COMPILATION_CONDITIONS = "DEBUG $(inherited)";
				SWIFT_OPTIMIZATION_LEVEL = "-Onone";
			};
			name = Debug;
		};
		3FA19CA82E5CF1BB00A1AEFD /* Release */ = {
			isa = XCBuildConfiguration;
			buildSettings = {
				ALWAYS_SEARCH_USER_PATHS = NO;
				ASSETCATALOG_COMPILER_GENERATE_SWIFT_ASSET_SYMBOL_EXTENSIONS = YES;
				CLANG_ANALYZER_NONNULL = YES;
				CLANG_ANALYZER_NUMBER_OBJECT_CONVERSION = YES_AGGRESSIVE;
				CLANG_CXX_LANGUAGE_STANDARD = "gnu++20";
				CLANG_ENABLE_MODULES = YES;
				CLANG_ENABLE_OBJC_ARC = YES;
				CLANG_ENABLE_OBJC_WEAK = YES;
				CLANG_WARN_BLOCK_CAPTURE_AUTORELEASING = YES;
				CLANG_WARN_BOOL_CONVERSION = YES;
				CLANG_WARN_COMMA = YES;
				CLANG_WARN_CONSTANT_CONVERSION = YES;
				CLANG_WARN_DEPRECATED_OBJC_IMPLEMENTATIONS = YES;
				CLANG_WARN_DIRECT_OBJC_ISA_USAGE = YES_ERROR;
				CLANG_WARN_DOCUMENTATION_COMMENTS = YES;
				CLANG_WARN_EMPTY_BODY = YES;
				CLANG_WARN_ENUM_CONVERSION = YES;
				CLANG_WARN_INFINITE_RECURSION = YES;
				CLANG_WARN_INT_CONVERSION = YES;
				CLANG_WARN_NON_LITERAL_NULL_CONVERSION = YES;
				CLANG_WARN_OBJC_IMPLICIT_RETAIN_SELF = YES;
				CLANG_WARN_OBJC_LITERAL_CONVERSION = YES;
				CLANG_WARN_OBJC_ROOT_CLASS = YES_ERROR;
				CLANG_WARN_QUOTED_INCLUDE_IN_FRAMEWORK_HEADER = YES;
				CLANG_WARN_RANGE_LOOP_ANALYSIS = YES;
				CLANG_WARN_STRICT_PROTOTYPES = YES;
				CLANG_WARN_SUSPICIOUS_MOVE = YES;
				CLANG_WARN_UNGUARDED_AVAILABILITY = YES_AGGRESSIVE;
				CLANG_WARN_UNREACHABLE_CODE = YES;
				CLANG_WARN__DUPLICATE_METHOD_MATCH = YES;
				COPY_PHASE_STRIP = NO;
				DEBUG_INFORMATION_FORMAT = "dwarf-with-dsym";
				ENABLE_NS_ASSERTIONS = NO;
				ENABLE_STRICT_OBJC_MSGSEND = YES;
				ENABLE_USER_SCRIPT_SANDBOXING = YES;
				GCC_C_LANGUAGE_STANDARD = gnu17;
				GCC_NO_COMMON_BLOCKS = YES;
				GCC_WARN_64_TO_32_BIT_CONVERSION = YES;
				GCC_WARN_ABOUT_RETURN_TYPE = YES_ERROR;
				GCC_WARN_UNDECLARED_SELECTOR = YES;
				GCC_WARN_UNINITIALIZED_AUTOS = YES_AGGRESSIVE;
				GCC_WARN_UNUSED_FUNCTION = YES;
				GCC_WARN_UNUSED_VARIABLE = YES;
				IPHONEOS_DEPLOYMENT_TARGET = 18.4;
				LOCALIZATION_PREFERS_STRING_CATALOGS = YES;
				MTL_ENABLE_DEBUG_INFO = NO;
				MTL_FAST_MATH = YES;
				SDKROOT = iphoneos;
				SWIFT_COMPILATION_MODE = wholemodule;
				VALIDATE_PRODUCT = YES;
			};
			name = Release;
		};
		3FA19CAA2E5CF1BB00A1AEFD /* Debug */ = {
			isa = XCBuildConfiguration;
			buildSettings = {
				ASSETCATALOG_COMPILER_APPICON_NAME = AppIcon;
				ASSETCATALOG_COMPILER_GLOBAL_ACCENT_COLOR_NAME = AccentColor;
				CODE_SIGN_STYLE = Automatic;
				CURRENT_PROJECT_VERSION = 1;
				ENABLE_PREVIEWS = YES;
				GENERATE_INFOPLIST_FILE = YES;
				INFOPLIST_KEY_UIApplicationSceneManifest_Generation = YES;
				INFOPLIST_KEY_UIApplicationSupportsIndirectInputEvents = YES;
				INFOPLIST_KEY_UILaunchScreen_Generation = YES;
				INFOPLIST_KEY_UISupportedInterfaceOrientations_iPad = "UIInterfaceOrientationPortrait UIInterfaceOrientationPortraitUpsideDown UIInterfaceOrientationLandscapeLeft UIInterfaceOrientationLandscapeRight";
				INFOPLIST_KEY_UISupportedInterfaceOrientations_iPhone = "UIInterfaceOrientationPortrait UIInterfaceOrientationLandscapeLeft UIInterfaceOrientationLandscapeRight";
				LD_RUNPATH_SEARCH_PATHS = (
					"$(inherited)",
					"@executable_path/Frameworks",
				);
				MARKETING_VERSION = 1.0;
				PRODUCT_BUNDLE_IDENTIFIER = com.Caeliscript;
				PRODUCT_NAME = "$(TARGET_NAME)";
				SWIFT_EMIT_LOC_STRINGS = YES;
				SWIFT_VERSION = 5.0;
				TARGETED_DEVICE_FAMILY = "1,2";
			};
			name = Debug;
		};
		3FA19CAB2E5CF1BB00A1AEFD /* Release */ = {
			isa = XCBuildConfiguration;
			buildSettings = {
				ASSETCATALOG_COMPILER_APPICON_NAME = AppIcon;
				ASSETCATALOG_COMPILER_GLOBAL_ACCENT_COLOR_NAME = AccentColor;
				CODE_SIGN_STYLE = Automatic;
				CURRENT_PROJECT_VERSION = 1;
				ENABLE_PREVIEWS = YES;
				GENERATE_INFOPLIST_FILE = YES;
				INFOPLIST_KEY_UIApplicationSceneManifest_Generation = YES;
				INFOPLIST_KEY_UIApplicationSupportsIndirectInputEvents = YES;
				INFOPLIST_KEY_UILaunchScreen_Generation = YES;
				INFOPLIST_KEY_UISupportedInterfaceOrientations_iPad = "UIInterfaceOrientationPortrait UIInterfaceOrientationPortraitUpsideDown UIInterfaceOrientationLandscapeLeft UIInterfaceOrientationLandscapeRight";
				INFOPLIST_KEY_UISupportedInterfaceOrientations_iPhone = "UIInterfaceOrientationPortrait UIInterfaceOrientationLandscapeLeft UIInterfaceOrientationLandscapeRight";
				LD_RUNPATH_SEARCH_PATHS = (
					"$(inherited)",
					"@executable_path/Frameworks",
				);
				MARKETING_VERSION = 1.0;
				PRODUCT_BUNDLE_IDENTIFIER = com.Caeliscript;
				PRODUCT_NAME = "$(TARGET_NAME)";
				SWIFT_EMIT_LOC_STRINGS = YES;
				SWIFT_VERSION = 5.0;
				TARGETED_DEVICE_FAMILY = "1,2";
			};
			name = Release;
		};
		3FA19CAD2E5CF1BB00A1AEFD /* Debug */ = {
			isa = XCBuildConfiguration;
			buildSettings = {
				BUNDLE_LOADER = "$(TEST_HOST)";
				CODE_SIGN_STYLE = Automatic;
				CURRENT_PROJECT_VERSION = 1;
				GENERATE_INFOPLIST_FILE = YES;
				IPHONEOS_DEPLOYMENT_TARGET = 18.4;
				MARKETING_VERSION = 1.0;
				PRODUCT_BUNDLE_IDENTIFIER = com.CaeliscriptTests;
				PRODUCT_NAME = "$(TARGET_NAME)";
				SWIFT_EMIT_LOC_STRINGS = NO;
				SWIFT_VERSION = 5.0;
				TARGETED_DEVICE_FAMILY = "1,2";
				TEST_HOST = "$(BUILT_PRODUCTS_DIR)/Caeliscript.app/$(BUNDLE_EXECUTABLE_FOLDER_PATH)/Caeliscript";
			};
			name = Debug;
		};
		3FA19CAE2E5CF1BB00A1AEFD /* Release */ = {
			isa = XCBuildConfiguration;
			buildSettings = {
				BUNDLE_LOADER = "$(TEST_HOST)";
				CODE_SIGN_STYLE = Automatic;
				CURRENT_PROJECT_VERSION = 1;
				GENERATE_INFOPLIST_FILE = YES;
				IPHONEOS_DEPLOYMENT_TARGET = 18.4;
				MARKETING_VERSION = 1.0;
				PRODUCT_BUNDLE_IDENTIFIER = com.CaeliscriptTests;
				PRODUCT_NAME = "$(TARGET_NAME)";
				SWIFT_EMIT_LOC_STRINGS = NO;
				SWIFT_VERSION = 5.0;
				TARGETED_DEVICE_FAMILY = "1,2";
				TEST_HOST = "$(BUILT_PRODUCTS_DIR)/Caeliscript.app/$(BUNDLE_EXECUTABLE_FOLDER_PATH)/Caeliscript";
			};
			name = Release;
		};
		3FA19CB02E5CF1BB00A1AEFD /* Debug */ = {
			isa = XCBuildConfiguration;
			buildSettings = {
				CODE_SIGN_STYLE = Automatic;
				CURRENT_PROJECT_VERSION = 1;
				GENERATE_INFOPLIST_FILE = YES;
				MARKETING_VERSION = 1.0;
				PRODUCT_BUNDLE_IDENTIFIER = com.CaeliscriptUITests;
				PRODUCT_NAME = "$(TARGET_NAME)";
				SWIFT_EMIT_LOC_STRINGS = NO;
				SWIFT_VERSION = 5.0;
				TARGETED_DEVICE_FAMILY = "1,2";
				TEST_TARGET_NAME = Caeliscript;
			};
			name = Debug;
		};
		3FA19CB12E5CF1BB00A1AEFD /* Release */ = {
			isa = XCBuildConfiguration;
			buildSettings = {
				CODE_SIGN_STYLE = Automatic;
				CURRENT_PROJECT_VERSION = 1;
				GENERATE_INFOPLIST_FILE = YES;
				MARKETING_VERSION = 1.0;
				PRODUCT_BUNDLE_IDENTIFIER = com.CaeliscriptUITests;
				PRODUCT_NAME = "$(TARGET_NAME)";
				SWIFT_EMIT_LOC_STRINGS = NO;
				SWIFT_VERSION = 5.0;
				TARGETED_DEVICE_FAMILY = "1,2";
				TEST_TARGET_NAME = Caeliscript;
			};
			name = Release;
		};
/* End XCBuildConfiguration section */

/* Begin XCConfigurationList section */
		3FA19C7E2E5CF1B900A1AEFD /* Build configuration list for PBXProject "Caeliscript" */ = {
			isa = XCConfigurationList;
			buildConfigurations = (
				3FA19CA72E5CF1BB00A1AEFD /* Debug */,
				3FA19CA82E5CF1BB00A1AEFD /* Release */,
			);
			defaultConfigurationIsVisible = 0;
			defaultConfigurationName = Release;
		};
		3FA19CA92E5CF1BB00A1AEFD /* Build configuration list for PBXNativeTarget "Caeliscript" */ = {
			isa = XCConfigurationList;
			buildConfigurations = (
				3FA19CAA2E5CF1BB00A1AEFD /* Debug */,
				3FA19CAB2E5CF1BB00A1AEFD /* Release */,
			);
			defaultConfigurationIsVisible = 0;
			defaultConfigurationName = Release;
		};
		3FA19CAC2E5CF1BB00A1AEFD /* Build configuration list for PBXNativeTarget "CaeliscriptTests" */ = {
			isa = XCConfigurationList;
			buildConfigurations = (
				3FA19CAD2E5CF1BB00A1AEFD /* Debug */,
				3FA19CAE2E5CF1BB00A1AEFD /* Release */,
			);
			defaultConfigurationIsVisible = 0;
			defaultConfigurationName = Release;
		};
		3FA19CAF2E5CF1BB00A1AEFD /* Build configuration list for PBXNativeTarget "CaeliscriptUITests" */ = {
			isa = XCConfigurationList;
			buildConfigurations = (
				3FA19CB02E5CF1BB00A1AEFD /* Debug */,
				3FA19CB12E5CF1BB00A1AEFD /* Release */,
			);
			defaultConfigurationIsVisible = 0;
			defaultConfigurationName = Release;
		};
/* End XCConfigurationList section */

/* Begin XCRemoteSwiftPackageReference section */
		3FA19E302E5F940700A1AEFD /* XCRemoteSwiftPackageReference "swiftui-image-viewer" */ = {
			isa = XCRemoteSwiftPackageReference;
			repositoryURL = "https://github.com/Jake-Short/swiftui-image-viewer.git";
			requirement = {
				kind = upToNextMajorVersion;
				minimumVersion = 2.3.1;
			};
		};
/* End XCRemoteSwiftPackageReference section */

/* Begin XCSwiftPackageProductDependency section */
		3FA19E312E5F940700A1AEFD /* ImageViewer */ = {
			isa = XCSwiftPackageProductDependency;
			package = 3FA19E302E5F940700A1AEFD /* XCRemoteSwiftPackageReference "swiftui-image-viewer" */;
			productName = ImageViewer;
		};
/* End XCSwiftPackageProductDependency section */
	};
	rootObject = 3FA19C7B2E5CF1B900A1AEFD /* Project object */;
}
